// !$*UTF8*$!
{
	archiveVersion = 1;
	classes = {
	};
	objectVersion = 50;
	objects = {

/* Begin PBXBuildFile section */
		880D237D22CB357200CAB140 /* AppDelegate.swift in Sources */ = {isa = PBXBuildFile; fileRef = 880D237C22CB357200CAB140 /* AppDelegate.swift */; };
		880D238222CB357200CAB140 /* Main.storyboard in Resources */ = {isa = PBXBuildFile; fileRef = 880D238022CB357200CAB140 /* Main.storyboard */; };
		880D238522CB357200CAB140 /* Grocery_List.xcdatamodeld in Sources */ = {isa = PBXBuildFile; fileRef = 880D238322CB357200CAB140 /* Grocery_List.xcdatamodeld */; };
		880D238722CB357300CAB140 /* Assets.xcassets in Resources */ = {isa = PBXBuildFile; fileRef = 880D238622CB357300CAB140 /* Assets.xcassets */; };
		880D238A22CB357300CAB140 /* LaunchScreen.storyboard in Resources */ = {isa = PBXBuildFile; fileRef = 880D238822CB357300CAB140 /* LaunchScreen.storyboard */; };
		880D239822CB718000CAB140 /* TableViewController.swift in Sources */ = {isa = PBXBuildFile; fileRef = 880D239722CB718000CAB140 /* TableViewController.swift */; };
		88860FAE22CBB82F00B1E107 /* List.swift in Sources */ = {isa = PBXBuildFile; fileRef = 88860FAC22CBB82F00B1E107 /* List.swift */; };
		88860FAF22CBB82F00B1E107 /* List+CoreDataProperties.swift in Sources */ = {isa = PBXBuildFile; fileRef = 88860FAD22CBB82F00B1E107 /* List+CoreDataProperties.swift */; };
/* End PBXBuildFile section */

/* Begin PBXFileReference section */
		880D237922CB357200CAB140 /* Grocery List.app */ = {isa = PBXFileReference; explicitFileType = wrapper.application; includeInIndex = 0; path = "Grocery List.app"; sourceTree = BUILT_PRODUCTS_DIR; };
		880D237C22CB357200CAB140 /* AppDelegate.swift */ = {isa = PBXFileReference; lastKnownFileType = sourcecode.swift; path = AppDelegate.swift; sourceTree = "<group>"; };
		880D238122CB357200CAB140 /* Base */ = {isa = PBXFileReference; lastKnownFileType = file.storyboard; name = Base; path = Base.lproj/Main.storyboard; sourceTree = "<group>"; };
		880D238422CB357200CAB140 /* Grocery_List.xcdatamodel */ = {isa = PBXFileReference; lastKnownFileType = wrapper.xcdatamodel; path = Grocery_List.xcdatamodel; sourceTree = "<group>"; };
		880D238622CB357300CAB140 /* Assets.xcassets */ = {isa = PBXFileReference; lastKnownFileType = folder.assetcatalog; path = Assets.xcassets; sourceTree = "<group>"; };
		880D238922CB357300CAB140 /* Base */ = {isa = PBXFileReference; lastKnownFileType = file.storyboard; name = Base; path = Base.lproj/LaunchScreen.storyboard; sourceTree = "<group>"; };
		880D238B22CB357300CAB140 /* Info.plist */ = {isa = PBXFileReference; lastKnownFileType = text.plist.xml; path = Info.plist; sourceTree = "<group>"; };
		880D239722CB718000CAB140 /* TableViewController.swift */ = {isa = PBXFileReference; lastKnownFileType = sourcecode.swift; path = TableViewController.swift; sourceTree = "<group>"; };
		88860FAC22CBB82F00B1E107 /* List.swift */ = {isa = PBXFileReference; lastKnownFileType = sourcecode.swift; path = List.swift; sourceTree = "<group>"; };
		88860FAD22CBB82F00B1E107 /* List+CoreDataProperties.swift */ = {isa = PBXFileReference; lastKnownFileType = sourcecode.swift; path = "List+CoreDataProperties.swift"; sourceTree = "<group>"; };
/* End PBXFileReference section */

/* Begin PBXFrameworksBuildPhase section */
		880D237622CB357200CAB140 /* Frameworks */ = {
			isa = PBXFrameworksBuildPhase;
			buildActionMask = 2147483647;
			files = (
			);
			runOnlyForDeploymentPostprocessing = 0;
		};
/* End PBXFrameworksBuildPhase section */

/* Begin PBXGroup section */
		880D237022CB357200CAB140 = {
			isa = PBXGroup;
			children = (
				880D237B22CB357200CAB140 /* Grocery List */,
				880D237A22CB357200CAB140 /* Products */,
			);
			sourceTree = "<group>";
		};
		880D237A22CB357200CAB140 /* Products */ = {
			isa = PBXGroup;
			children = (
				880D237922CB357200CAB140 /* Grocery List.app */,
			);
			name = Products;
			sourceTree = "<group>";
		};
		880D237B22CB357200CAB140 /* Grocery List */ = {
			isa = PBXGroup;
			children = (
				88860FB022CBB85500B1E107 /* CoreData */,
				880D237C22CB357200CAB140 /* AppDelegate.swift */,
				880D238022CB357200CAB140 /* Main.storyboard */,
				880D239722CB718000CAB140 /* TableViewController.swift */,
				880D238622CB357300CAB140 /* Assets.xcassets */,
				880D238822CB357300CAB140 /* LaunchScreen.storyboard */,
				880D238B22CB357300CAB140 /* Info.plist */,
			);
			path = "Grocery List";
			sourceTree = "<group>";
		};
		88860FB022CBB85500B1E107 /* CoreData */ = {
			isa = PBXGroup;
			children = (
				88860FAC22CBB82F00B1E107 /* List.swift */,
				88860FAD22CBB82F00B1E107 /* List+CoreDataProperties.swift */,
				880D238322CB357200CAB140 /* Grocery_List.xcdatamodeld */,
			);
			path = CoreData;
			sourceTree = "<group>";
		};
/* End PBXGroup section */

/* Begin PBXNativeTarget section */
		880D237822CB357200CAB140 /* Grocery List */ = {
			isa = PBXNativeTarget;
			buildConfigurationList = 880D238E22CB357300CAB140 /* Build configuration list for PBXNativeTarget "Grocery List" */;
			buildPhases = (
				880D237522CB357200CAB140 /* Sources */,
				880D237622CB357200CAB140 /* Frameworks */,
				880D237722CB357200CAB140 /* Resources */,
			);
			buildRules = (
			);
			dependencies = (
			);
			name = "Grocery List";
			productName = "Grocery List";
			productReference = 880D237922CB357200CAB140 /* Grocery List.app */;
			productType = "com.apple.product-type.application";
		};
/* End PBXNativeTarget section */

/* Begin PBXProject section */
		880D237122CB357200CAB140 /* Project object */ = {
			isa = PBXProject;
			attributes = {
				LastSwiftUpdateCheck = 1020;
				LastUpgradeCheck = 1020;
				ORGANIZATIONNAME = Pazhg;
				TargetAttributes = {
					880D237822CB357200CAB140 = {
						CreatedOnToolsVersion = 10.2.1;
					};
				};
			};
			buildConfigurationList = 880D237422CB357200CAB140 /* Build configuration list for PBXProject "Grocery List" */;
			compatibilityVersion = "Xcode 9.3";
			developmentRegion = en;
			hasScannedForEncodings = 0;
			knownRegions = (
				en,
				Base,
			);
			mainGroup = 880D237022CB357200CAB140;
			productRefGroup = 880D237A22CB357200CAB140 /* Products */;
			projectDirPath = "";
			projectRoot = "";
			targets = (
				880D237822CB357200CAB140 /* Grocery List */,
			);
		};
/* End PBXProject section */

/* Begin PBXResourcesBuildPhase section */
		880D237722CB357200CAB140 /* Resources */ = {
			isa = PBXResourcesBuildPhase;
			buildActionMask = 2147483647;
			files = (
				880D238A22CB357300CAB140 /* LaunchScreen.storyboard in Resources */,
				880D238722CB357300CAB140 /* Assets.xcassets in Resources */,
				880D238222CB357200CAB140 /* Main.storyboard in Resources */,
			);
			runOnlyForDeploymentPostprocessing = 0;
		};
/* End PBXResourcesBuildPhase section */

/* Begin PBXSourcesBuildPhase section */
		880D237522CB357200CAB140 /* Sources */ = {
			isa = PBXSourcesBuildPhase;
			buildActionMask = 2147483647;
			files = (
				880D237D22CB357200CAB140 /* AppDelegate.swift in Sources */,
				88860FAF22CBB82F00B1E107 /* List+CoreDataProperties.swift in Sources */,
				880D239822CB718000CAB140 /* TableViewController.swift in Sources */,
				880D238522CB357200CAB140 /* Grocery_List.xcdatamodeld in Sources */,
				88860FAE22CBB82F00B1E107 /* List.swift in Sources */,
			);
			runOnlyForDeploymentPostprocessing = 0;
		};
/* End PBXSourcesBuildPhase section */

/* Begin PBXVariantGroup section */
		880D238022CB357200CAB140 /* Main.storyboard */ = {
			isa = PBXVariantGroup;
			children = (
				880D238122CB357200CAB140 /* Base */,
			);
			name = Main.storyboard;
			sourceTree = "<group>";
		};
		880D238822CB357300CAB140 /* LaunchScreen.storyboard */ = {
			isa = PBXVariantGroup;
			children = (
				880D238922CB357300CAB140 /* Base */,
			);
			name = LaunchScreen.storyboard;
			sourceTree = "<group>";
		};
/* End PBXVariantGroup section */

/* Begin XCBuildConfiguration section */
		880D238C22CB357300CAB140 /* Debug */ = {
			isa = XCBuildConfiguration;
			buildSettings = {
				ALWAYS_SEARCH_USER_PATHS = NO;
				CLANG_ANALYZER_NONNULL = YES;
				CLANG_ANALYZER_NUMBER_OBJECT_CONVERSION = YES_AGGRESSIVE;
				CLANG_CXX_LANGUAGE_STANDARD = "gnu++14";
				CLANG_CXX_LIBRARY = "libc++";
				CLANG_ENABLE_MODULES = YES;
				CLANG_ENABLE_OBJC_ARC = YES;
				CLANG_ENABLE_OBJC_WEAK = YES;
				CLANG_WARN_BLOCK_CAPTURE_AUTORELEASING = YES;
				CLANG_WARN_BOOL_CONVERSION = YES;
				CLANG_WARN_COMMA = YES;
				CLANG_WARN_CONSTANT_CONVERSION = YES;
				CLANG_WARN_DEPRECATED_OBJC_IMPLEMENTATIONS = YES;
				CLANG_WARN_DIRECT_OBJC_ISA_USAGE = YES_ERROR;
				CLANG_WARN_DOCUMENTATION_COMMENTS = YES;
				CLANG_WARN_EMPTY_BODY = YES;
				CLANG_WARN_ENUM_CONVERSION = YES;
				CLANG_WARN_INFINITE_RECURSION = YES;
				CLANG_WARN_INT_CONVERSION = YES;
				CLANG_WARN_NON_LITERAL_NULL_CONVERSION = YES;
				CLANG_WARN_OBJC_IMPLICIT_RETAIN_SELF = YES;
				CLANG_WARN_OBJC_LITERAL_CONVERSION = YES;
				CLANG_WARN_OBJC_ROOT_CLASS = YES_ERROR;
				CLANG_WARN_RANGE_LOOP_ANALYSIS = YES;
				CLANG_WARN_STRICT_PROTOTYPES = YES;
				CLANG_WARN_SUSPICIOUS_MOVE = YES;
				CLANG_WARN_UNGUARDED_AVAILABILITY = YES_AGGRESSIVE;
				CLANG_WARN_UNREACHABLE_CODE = YES;
				CLANG_WARN__DUPLICATE_METHOD_MATCH = YES;
				CODE_SIGN_IDENTITY = "iPhone Developer";
				COPY_PHASE_STRIP = NO;
				DEBUG_INFORMATION_FORMAT = dwarf;
				ENABLE_STRICT_OBJC_MSGSEND = YES;
				ENABLE_TESTABILITY = YES;
				GCC_C_LANGUAGE_STANDARD = gnu11;
				GCC_DYNAMIC_NO_PIC = NO;
				GCC_NO_COMMON_BLOCKS = YES;
				GCC_OPTIMIZATION_LEVEL = 0;
				GCC_PREPROCESSOR_DEFINITIONS = (
					"DEBUG=1",
					"$(inherited)",
				);
				GCC_WARN_64_TO_32_BIT_CONVERSION = YES;
				GCC_WARN_ABOUT_RETURN_TYPE = YES_ERROR;
				GCC_WARN_UNDECLARED_SELECTOR = YES;
				GCC_WARN_UNINITIALIZED_AUTOS = YES_AGGRESSIVE;
				GCC_WARN_UNUSED_FUNCTION = YES;
				GCC_WARN_UNUSED_VARIABLE = YES;
				IPHONEOS_DEPLOYMENT_TARGET = 12.2;
				MTL_ENABLE_DEBUG_INFO = INCLUDE_SOURCE;
				MTL_FAST_MATH = YES;
				ONLY_ACTIVE_ARCH = YES;
				SDKROOT = iphoneos;
				SWIFT_ACTIVE_COMPILATION_CONDITIONS = DEBUG;
				SWIFT_OPTIMIZATION_LEVEL = "-Onone";
			};
			name = Debug;
		};
		880D238D22CB357300CAB140 /* Release */ = {
			isa = XCBuildConfiguration;
			buildSettings = {
				ALWAYS_SEARCH_USER_PATHS = NO;
				CLANG_ANALYZER_NONNULL = YES;
				CLANG_ANALYZER_NUMBER_OBJECT_CONVERSION = YES_AGGRESSIVE;
				CLANG_CXX_LANGUAGE_STANDARD = "gnu++14";
				CLANG_CXX_LIBRARY = "libc++";
				CLANG_ENABLE_MODULES = YES;
				CLANG_ENABLE_OBJC_ARC = YES;
				CLANG_ENABLE_OBJC_WEAK = YES;
				CLANG_WARN_BLOCK_CAPTURE_AUTORELEASING = YES;
				CLANG_WARN_BOOL_CONVERSION = YES;
				CLANG_WARN_COMMA = YES;
				CLANG_WARN_CONSTANT_CONVERSION = YES;
				CLANG_WARN_DEPRECATED_OBJC_IMPLEMENTATIONS = YES;
				CLANG_WARN_DIRECT_OBJC_ISA_USAGE = YES_ERROR;
				CLANG_WARN_DOCUMENTATION_COMMENTS = YES;
				CLANG_WARN_EMPTY_BODY = YES;
				CLANG_WARN_ENUM_CONVERSION = YES;
				CLANG_WARN_INFINITE_RECURSION = YES;
				CLANG_WARN_INT_CONVERSION = YES;
				CLANG_WARN_NON_LITERAL_NULL_CONVERSION = YES;
				CLANG_WARN_OBJC_IMPLICIT_RETAIN_SELF = YES;
				CLANG_WARN_OBJC_LITERAL_CONVERSION = YES;
				CLANG_WARN_OBJC_ROOT_CLASS = YES_ERROR;
				CLANG_WARN_RANGE_LOOP_ANALYSIS = YES;
				CLANG_WARN_STRICT_PROTOTYPES = YES;
				CLANG_WARN_SUSPICIOUS_MOVE = YES;
				CLANG_WARN_UNGUARDED_AVAILABILITY = YES_AGGRESSIVE;
				CLANG_WARN_UNREACHABLE_CODE = YES;
				CLANG_WARN__DUPLICATE_METHOD_MATCH = YES;
				CODE_SIGN_IDENTITY = "iPhone Developer";
				COPY_PHASE_STRIP = NO;
				DEBUG_INFORMATION_FORMAT = "dwarf-with-dsym";
				ENABLE_NS_ASSERTIONS = NO;
				ENABLE_STRICT_OBJC_MSGSEND = YES;
				GCC_C_LANGUAGE_STANDARD = gnu11;
				GCC_NO_COMMON_BLOCKS = YES;
				GCC_WARN_64_TO_32_BIT_CONVERSION = YES;
				GCC_WARN_ABOUT_RETURN_TYPE = YES_ERROR;
				GCC_WARN_UNDECLARED_SELECTOR = YES;
				GCC_WARN_UNINITIALIZED_AUTOS = YES_AGGRESSIVE;
				GCC_WARN_UNUSED_FUNCTION = YES;
				GCC_WARN_UNUSED_VARIABLE = YES;
				IPHONEOS_DEPLOYMENT_TARGET = 12.2;
				MTL_ENABLE_DEBUG_INFO = NO;
				MTL_FAST_MATH = YES;
				SDKROOT = iphoneos;
				SWIFT_COMPILATION_MODE = wholemodule;
				SWIFT_OPTIMIZATION_LEVEL = "-O";
				VALIDATE_PRODUCT = YES;
			};
			name = Release;
		};
		880D238F22CB357300CAB140 /* Debug */ = {
			isa = XCBuildConfiguration;
			buildSettings = {
				ASSETCATALOG_COMPILER_APPICON_NAME = AppIcon;
				CODE_SIGN_STYLE = Automatic;
				DEVELOPMENT_TEAM = VRBAA2LXSQ;
				INFOPLIST_FILE = "Grocery List/Info.plist";
				LD_RUNPATH_SEARCH_PATHS = (
					"$(inherited)",
					"@executable_path/Frameworks",
				);
				PRODUCT_BUNDLE_IDENTIFIER = "com.pazhg.Grocery-List";
				PRODUCT_NAME = "$(TARGET_NAME)";
				SWIFT_VERSION = 5.0;
				TARGETED_DEVICE_FAMILY = "1,2";
			};
			name = Debug;
		};
		880D239022CB357300CAB140 /* Release */ = {
			isa = XCBuildConfiguration;
			buildSettings = {
				ASSETCATALOG_COMPILER_APPICON_NAME = AppIcon;
				CODE_SIGN_STYLE = Automatic;
				DEVELOPMENT_TEAM = VRBAA2LXSQ;
				INFOPLIST_FILE = "Grocery List/Info.plist";
				LD_RUNPATH_SEARCH_PATHS = (
					"$(inherited)",
					"@executable_path/Frameworks",
				);
				PRODUCT_BUNDLE_IDENTIFIER = "com.pazhg.Grocery-List";
				PRODUCT_NAME = "$(TARGET_NAME)";
				SWIFT_VERSION = 5.0;
				TARGETED_DEVICE_FAMILY = "1,2";
			};
			name = Release;
		};
/* End XCBuildConfiguration section */

/* Begin XCConfigurationList section */
		880D237422CB357200CAB140 /* Build configuration list for PBXProject "Grocery List" */ = {
			isa = XCConfigurationList;
			buildConfigurations = (
				880D238C22CB357300CAB140 /* Debug */,
				880D238D22CB357300CAB140 /* Release */,
			);
			defaultConfigurationIsVisible = 0;
			defaultConfigurationName = Release;
		};
		880D238E22CB357300CAB140 /* Build configuration list for PBXNativeTarget "Grocery List" */ = {
			isa = XCConfigurationList;
			buildConfigurations = (
				880D238F22CB357300CAB140 /* Debug */,
				880D239022CB357300CAB140 /* Release */,
			);
			defaultConfigurationIsVisible = 0;
			defaultConfigurationName = Release;
		};
/* End XCConfigurationList section */

/* Begin XCVersionGroup section */
		880D238322CB357200CAB140 /* Grocery_List.xcdatamodeld */ = {
			isa = XCVersionGroup;
			children = (
				880D238422CB357200CAB140 /* Grocery_List.xcdatamodel */,
			);
			currentVersion = 880D238422CB357200CAB140 /* Grocery_List.xcdatamodel */;
			path = Grocery_List.xcdatamodeld;
			sourceTree = "<group>";
			versionGroupType = wrapper.xcdatamodel;
		};
/* End XCVersionGroup section */
	};
	rootObject = 880D237122CB357200CAB140 /* Project object */;
}
